
Microsoft Visual Studio Solution File, Format Version 12.00
# Visual Studio 15
VisualStudioVersion = 15.0.28010.2036
MinimumVisualStudioVersion = 10.0.40219.1
Project("{FAE04EC0-301F-11D3-BF4B-00C04F79EFBC}") = "projectB", "projectB\projectB.csproj", "{28EF51EA-5F93-48E8-B3CE-6D80FA37703D}"
EndProject
Global
	GlobalSection(SolutionConfigurationPlatforms) = preSolution
		Debug|Any CPU = Debug|Any CPU
		Release|Any CPU = Release|Any CPU
	EndGlobalSection
	GlobalSection(ProjectConfigurationPlatforms) = postSolution
		{28EF51EA-5F93-48E8-B3CE-6D80FA37703D}.Debug|Any CPU.ActiveCfg = Debug|Any CPU
		{28EF51EA-5F93-48E8-B3CE-6D80FA37703D}.Debug|Any CPU.Build.0 = Debug|Any CPU
		{28EF51EA-5F93-48E8-B3CE-6D80FA37703D}.Release|Any CPU.ActiveCfg = Release|Any CPU
		{28EF51EA-5F93-48E8-B3CE-6D80FA37703D}.Release|Any CPU.Build.0 = Release|Any CPU
	EndGlobalSection
	GlobalSection(SolutionProperties) = preSolution
		HideSolutionNode = FALSE
	EndGlobalSection
	GlobalSection(ExtensibilityGlobals) = postSolution
		SolutionGuid = {F0D82A7F-0CBB-40F0-9D85-7E15951E518B}
	EndGlobalSection
EndGlobal
